
Microsoft Visual Studio Solution File, Format Version 12.00
# Visual Studio Version 16
VisualStudioVersion = 16.0.29519.181
MinimumVisualStudioVersion = 10.0.40219.1
Project("{9A19103F-16F7-4668-BE54-9A1E7A4F7556}") = "NHibernate.Extensions.Logging", "src\NHibernate.Extensions.Logging\NHibernate.Extensions.Logging.csproj", "{CD7AA382-A51E-45A2-AF10-0BA3CA126BAA}"
EndProject
Project("{2150E333-8FDC-42A3-9474-1A3956D46DE8}") = "src", "src", "{A6CF7F4B-963D-414C-B585-1FB03BBDC752}"
	ProjectSection(SolutionItems) = preProject
		src\Directory.Build.props = src\Directory.Build.props
	EndProjectSection
EndProject
Project("{2150E333-8FDC-42A3-9474-1A3956D46DE8}") = "test", "test", "{8C10C36A-9162-4B56-B342-31CA8BFBB118}"
EndProject
Project("{9A19103F-16F7-4668-BE54-9A1E7A4F7556}") = "NHibernate.Extensions.Logging.Tests", "test\NHibernate.Extensions.Logging.Tests\NHibernate.Extensions.Logging.Tests.csproj", "{555DE0EF-B195-4F33-A60D-37EECED12369}"
EndProject
Project("{2150E333-8FDC-42A3-9474-1A3956D46DE8}") = "samples", "samples", "{3C756C78-248F-4132-92E9-E8CB7866C4FB}"
EndProject
Project("{9A19103F-16F7-4668-BE54-9A1E7A4F7556}") = "SampleApp", "samples\SampleApp\SampleApp.csproj", "{B7F703A5-C00C-414E-B42B-3E6ABEF95122}"
EndProject
Project("{9A19103F-16F7-4668-BE54-9A1E7A4F7556}") = "SampleWebApp", "samples\SampleWebApp\SampleWebApp.csproj", "{BF55D397-BB11-4D9B-B7E1-574DEEC606A4}"
EndProject
Project("{9A19103F-16F7-4668-BE54-9A1E7A4F7556}") = "SampleShared", "samples\SampleShared\SampleShared.csproj", "{322E0BF4-B57F-4135-AE38-12CDAD74E28D}"
EndProject
Project("{2150E333-8FDC-42A3-9474-1A3956D46DE8}") = "Solution Items", "Solution Items", "{E5F749FC-047A-446F-9319-3D2CB2CD7BB3}"
	ProjectSection(SolutionItems) = preProject
		.editorconfig = .editorconfig
		.gitignore = .gitignore
		.github\workflows\cd.yml = .github\workflows\cd.yml
		CHANGELOG.md = CHANGELOG.md
		.github\workflows\ci.yml = .github\workflows\ci.yml
		Directory.Build.props = Directory.Build.props
		.config\dotnet-tools.json = .config\dotnet-tools.json
		LICENSE.md = LICENSE.md
		README.md = README.md
	EndProjectSection
EndProject
Global
	GlobalSection(SolutionConfigurationPlatforms) = preSolution
		Debug|Any CPU = Debug|Any CPU
		Release|Any CPU = Release|Any CPU
	EndGlobalSection
	GlobalSection(ProjectConfigurationPlatforms) = postSolution
		{CD7AA382-A51E-45A2-AF10-0BA3CA126BAA}.Debug|Any CPU.ActiveCfg = Debug|Any CPU
		{CD7AA382-A51E-45A2-AF10-0BA3CA126BAA}.Debug|Any CPU.Build.0 = Debug|Any CPU
		{CD7AA382-A51E-45A2-AF10-0BA3CA126BAA}.Release|Any CPU.ActiveCfg = Release|Any CPU
		{CD7AA382-A51E-45A2-AF10-0BA3CA126BAA}.Release|Any CPU.Build.0 = Release|Any CPU
		{555DE0EF-B195-4F33-A60D-37EECED12369}.Debug|Any CPU.ActiveCfg = Debug|Any CPU
		{555DE0EF-B195-4F33-A60D-37EECED12369}.Debug|Any CPU.Build.0 = Debug|Any CPU
		{555DE0EF-B195-4F33-A60D-37EECED12369}.Release|Any CPU.ActiveCfg = Release|Any CPU
		{555DE0EF-B195-4F33-A60D-37EECED12369}.Release|Any CPU.Build.0 = Release|Any CPU
		{B7F703A5-C00C-414E-B42B-3E6ABEF95122}.Debug|Any CPU.ActiveCfg = Debug|Any CPU
		{B7F703A5-C00C-414E-B42B-3E6ABEF95122}.Debug|Any CPU.Build.0 = Debug|Any CPU
		{B7F703A5-C00C-414E-B42B-3E6ABEF95122}.Release|Any CPU.ActiveCfg = Release|Any CPU
		{B7F703A5-C00C-414E-B42B-3E6ABEF95122}.Release|Any CPU.Build.0 = Release|Any CPU
		{BF55D397-BB11-4D9B-B7E1-574DEEC606A4}.Debug|Any CPU.ActiveCfg = Debug|Any CPU
		{BF55D397-BB11-4D9B-B7E1-574DEEC606A4}.Debug|Any CPU.Build.0 = Debug|Any CPU
		{BF55D397-BB11-4D9B-B7E1-574DEEC606A4}.Release|Any CPU.ActiveCfg = Release|Any CPU
		{BF55D397-BB11-4D9B-B7E1-574DEEC606A4}.Release|Any CPU.Build.0 = Release|Any CPU
		{322E0BF4-B57F-4135-AE38-12CDAD74E28D}.Debug|Any CPU.ActiveCfg = Debug|Any CPU
		{322E0BF4-B57F-4135-AE38-12CDAD74E28D}.Debug|Any CPU.Build.0 = Debug|Any CPU
		{322E0BF4-B57F-4135-AE38-12CDAD74E28D}.Release|Any CPU.ActiveCfg = Release|Any CPU
		{322E0BF4-B57F-4135-AE38-12CDAD74E28D}.Release|Any CPU.Build.0 = Release|Any CPU
	EndGlobalSection
	GlobalSection(SolutionProperties) = preSolution
		HideSolutionNode = FALSE
	EndGlobalSection
	GlobalSection(NestedProjects) = preSolution
		{CD7AA382-A51E-45A2-AF10-0BA3CA126BAA} = {A6CF7F4B-963D-414C-B585-1FB03BBDC752}
		{555DE0EF-B195-4F33-A60D-37EECED12369} = {8C10C36A-9162-4B56-B342-31CA8BFBB118}
		{B7F703A5-C00C-414E-B42B-3E6ABEF95122} = {3C756C78-248F-4132-92E9-E8CB7866C4FB}
		{BF55D397-BB11-4D9B-B7E1-574DEEC606A4} = {3C756C78-248F-4132-92E9-E8CB7866C4FB}
		{322E0BF4-B57F-4135-AE38-12CDAD74E28D} = {3C756C78-248F-4132-92E9-E8CB7866C4FB}
	EndGlobalSection
	GlobalSection(ExtensibilityGlobals) = postSolution
		SolutionGuid = {3577CE20-4CB6-40E4-8710-CD9972E6F09D}
	EndGlobalSection
EndGlobal
